
Microsoft Visual Studio Solution File, Format Version 12.00
# Visual Studio 15
VisualStudioVersion = 15.0.27428.2005
MinimumVisualStudioVersion = 10.0.40219.1
Project("{FAE04EC0-301F-11D3-BF4B-00C04F79EFBC}") = "AmberAndGrain", "AmberAndGrain\AmberAndGrain.csproj", "{B089CC13-6184-42A1-9A33-141E495B6047}"
EndProject
Global
	GlobalSection(SolutionConfigurationPlatforms) = preSolution
		Debug|Any CPU = Debug|Any CPU
		Release|Any CPU = Release|Any CPU
	EndGlobalSection
	GlobalSection(ProjectConfigurationPlatforms) = postSolution
		{B089CC13-6184-42A1-9A33-141E495B6047}.Debug|Any CPU.ActiveCfg = Debug|Any CPU
		{B089CC13-6184-42A1-9A33-141E495B6047}.Debug|Any CPU.Build.0 = Debug|Any CPU
		{B089CC13-6184-42A1-9A33-141E495B6047}.Release|Any CPU.ActiveCfg = Release|Any CPU
		{B089CC13-6184-42A1-9A33-141E495B6047}.Release|Any CPU.Build.0 = Release|Any CPU
	EndGlobalSection
	GlobalSection(SolutionProperties) = preSolution
		HideSolutionNode = FALSE
	EndGlobalSection
	GlobalSection(ExtensibilityGlobals) = postSolution
		SolutionGuid = {A0BDD893-2333-4C83-9EAD-838F3671F83A}
	EndGlobalSection
EndGlobal
